
Microsoft Visual Studio Solution File, Format Version 12.00
# Visual Studio Version 16
VisualStudioVersion = 16.0.31729.503
MinimumVisualStudioVersion = 10.0.40219.1
Project("{FAE04EC0-301F-11D3-BF4B-00C04F79EFBC}") = "QLBanHang", "QLBanHang\QLBanHang.csproj", "{0B5801BA-E14E-45AD-B45F-B1FB95359AD4}"
EndProject
Global
	GlobalSection(SolutionConfigurationPlatforms) = preSolution
		Debug|Any CPU = Debug|Any CPU
		Release|Any CPU = Release|Any CPU
	EndGlobalSection
	GlobalSection(ProjectConfigurationPlatforms) = postSolution
		{0B5801BA-E14E-45AD-B45F-B1FB95359AD4}.Debug|Any CPU.ActiveCfg = Debug|Any CPU
		{0B5801BA-E14E-45AD-B45F-B1FB95359AD4}.Debug|Any CPU.Build.0 = Debug|Any CPU
		{0B5801BA-E14E-45AD-B45F-B1FB95359AD4}.Release|Any CPU.ActiveCfg = Release|Any CPU
		{0B5801BA-E14E-45AD-B45F-B1FB95359AD4}.Release|Any CPU.Build.0 = Release|Any CPU
	EndGlobalSection
	GlobalSection(SolutionProperties) = preSolution
		HideSolutionNode = FALSE
	EndGlobalSection
	GlobalSection(ExtensibilityGlobals) = postSolution
		SolutionGuid = {E479754E-F0D3-463C-A364-AFB81CE15BFE}
	EndGlobalSection
EndGlobal
